PODS:
  - Charts (4.1.0):
    - Charts/Core (= 4.1.0)
  - Charts/Core (4.1.0):
    - SwiftAlgorithms (~> 1.0)
  - SwiftAlgorithms (1.0.0)

DEPENDENCIES:
  - Charts

SPEC REPOS:
  trunk:
    - Charts
    - SwiftAlgorithms

SPEC CHECKSUMS:
  Charts: 354f86803d11d9c35de280587fef50d1af063978
  SwiftAlgorithms: 38dda4731d19027fdeee1125f973111bf3386b53

PODFILE CHECKSUM: 345cdcb5dcccedfad0baad1de00c1898e2c48ee3

COCOAPODS: 1.12.0
